// !$*UTF8*$!
{
	archiveVersion = 1;
	classes = {
	};
	objectVersion = 77;
	objects = {

/* Begin PBXBuildFile section */
		6A1DA7A52F2CE29C0053E98C /* InlineSnapshotTesting in Frameworks */ = {isa = PBXBuildFile; productRef = 6A1DA7A42F2CE29C0053E98C /* InlineSnapshotTesting */; };
		6A1DA7A72F2CE29C0053E98C /* SnapshotTesting in Frameworks */ = {isa = PBXBuildFile; productRef = 6A1DA7A62F2CE29C0053E98C /* SnapshotTesting */; };
		6A1DA7A92F2CE29C0053E98C /* SnapshotTestingCustomDump in Frameworks */ = {isa = PBXBuildFile; productRef = 6A1DA7A82F2CE29C0053E98C /* SnapshotTestingCustomDump */; };
		6A5D88FE2F326FA8001EC024 /* Auth in Frameworks */ = {isa = PBXBuildFile; productRef = 6A5D88FD2F326FA8001EC024 /* Auth */; };
		6A5D89002F326FA8001EC024 /* Functions in Frameworks */ = {isa = PBXBuildFile; productRef = 6A5D88FF2F326FA8001EC024 /* Functions */; };
		6A5D89022F326FA8001EC024 /* PostgREST in Frameworks */ = {isa = PBXBuildFile; productRef = 6A5D89012F326FA8001EC024 /* PostgREST */; };
		6A5D89042F326FA8001EC024 /* Realtime in Frameworks */ = {isa = PBXBuildFile; productRef = 6A5D89032F326FA8001EC024 /* Realtime */; };
		6A5D89062F326FA8001EC024 /* Storage in Frameworks */ = {isa = PBXBuildFile; productRef = 6A5D89052F326FA8001EC024 /* Storage */; };
		6A5D89082F326FA8001EC024 /* Supabase in Frameworks */ = {isa = PBXBuildFile; productRef = 6A5D89072F326FA8001EC024 /* Supabase */; };
		6A5D890B2F327085001EC024 /* Supabase in Frameworks */ = {isa = PBXBuildFile; productRef = 6A5D890A2F327085001EC024 /* Supabase */; };
/* End PBXBuildFile section */

/* Begin PBXContainerItemProxy section */
		6AABCC392F2938C8009E5D12 /* PBXContainerItemProxy */ = {
			isa = PBXContainerItemProxy;
			containerPortal = 6AABCC232F2938C6009E5D12 /* Project object */;
			proxyType = 1;
			remoteGlobalIDString = 6AABCC2A2F2938C6009E5D12;
			remoteInfo = InigoVIP;
		};
		6AABCC432F2938C8009E5D12 /* PBXContainerItemProxy */ = {
			isa = PBXContainerItemProxy;
			containerPortal = 6AABCC232F2938C6009E5D12 /* Project object */;
			proxyType = 1;
			remoteGlobalIDString = 6AABCC2A2F2938C6009E5D12;
			remoteInfo = InigoVIP;
		};
/* End PBXContainerItemProxy section */

/* Begin PBXFileReference section */
		6AABCC2B2F2938C6009E5D12 /* Transfers.app */ = {isa = PBXFileReference; explicitFileType = wrapper.application; includeInIndex = 0; path = Transfers.app; sourceTree = BUILT_PRODUCTS_DIR; };
		6AABCC382F2938C8009E5D12 /* TransfersTests.xctest */ = {isa = PBXFileReference; explicitFileType = wrapper.cfbundle; includeInIndex = 0; path = TransfersTests.xctest; sourceTree = BUILT_PRODUCTS_DIR; };
		6AABCC422F2938C8009E5D12 /* TransfersUITests.xctest */ = {isa = PBXFileReference; explicitFileType = wrapper.cfbundle; includeInIndex = 0; path = TransfersUITests.xctest; sourceTree = BUILT_PRODUCTS_DIR; };
/* End PBXFileReference section */

/* Begin PBXFileSystemSynchronizedRootGroup section */
		6A75DF392F33900000C3A3ED /* E2ETests */ = {
			isa = PBXFileSystemSynchronizedRootGroup;
			path = E2ETests;
			sourceTree = "<group>";
		};
		6AABCC2D2F2938C6009E5D12 /* Transfers */ = {
			isa = PBXFileSystemSynchronizedRootGroup;
			path = Transfers;
			sourceTree = "<group>";
		};
		6AABCC3B2F2938C8009E5D12 /* UnitTests */ = {
			isa = PBXFileSystemSynchronizedRootGroup;
			path = UnitTests;
			sourceTree = "<group>";
		};
		6AE31A8D2F2C84C7004EFB5E /* UITests */ = {
			isa = PBXFileSystemSynchronizedRootGroup;
			path = UITests;
			sourceTree = "<group>";
		};
		6AE31AB62F2CAE21004EFB5E /* IntegrationTests */ = {
			isa = PBXFileSystemSynchronizedRootGroup;
			path = IntegrationTests;
			sourceTree = "<group>";
		};
		6AE31AB92F2CCF84004EFB5E /* SnapshotTests */ = {
			isa = PBXFileSystemSynchronizedRootGroup;
			path = SnapshotTests;
			sourceTree = "<group>";
		};
/* End PBXFileSystemSynchronizedRootGroup section */

/* Begin PBXFrameworksBuildPhase section */
		6AABCC282F2938C6009E5D12 /* Frameworks */ = {
			isa = PBXFrameworksBuildPhase;
			buildActionMask = 2147483647;
			files = (
				6A5D89022F326FA8001EC024 /* PostgREST in Frameworks */,
				6A5D89002F326FA8001EC024 /* Functions in Frameworks */,
				6A5D89082F326FA8001EC024 /* Supabase in Frameworks */,
				6A5D88FE2F326FA8001EC024 /* Auth in Frameworks */,
				6A5D89062F326FA8001EC024 /* Storage in Frameworks */,
				6A5D89042F326FA8001EC024 /* Realtime in Frameworks */,
			);
			runOnlyForDeploymentPostprocessing = 0;
		};
		6AABCC352F2938C8009E5D12 /* Frameworks */ = {
			isa = PBXFrameworksBuildPhase;
			buildActionMask = 2147483647;
			files = (
				6A1DA7A92F2CE29C0053E98C /* SnapshotTestingCustomDump in Frameworks */,
				6A1DA7A52F2CE29C0053E98C /* InlineSnapshotTesting in Frameworks */,
				6A1DA7A72F2CE29C0053E98C /* SnapshotTesting in Frameworks */,
			);
			runOnlyForDeploymentPostprocessing = 0;
		};
		6AABCC3F2F2938C8009E5D12 /* Frameworks */ = {
			isa = PBXFrameworksBuildPhase;
			buildActionMask = 2147483647;
			files = (
				6A5D890B2F327085001EC024 /* Supabase in Frameworks */,
			);
			runOnlyForDeploymentPostprocessing = 0;
		};
/* End PBXFrameworksBuildPhase section */

/* Begin PBXGroup section */
		6AABCC222F2938C6009E5D12 = {
			isa = PBXGroup;
			children = (
				6AABCC2D2F2938C6009E5D12 /* Transfers */,
				6AABCC3B2F2938C8009E5D12 /* UnitTests */,
				6AE31A8D2F2C84C7004EFB5E /* UITests */,
				6AE31AB92F2CCF84004EFB5E /* SnapshotTests */,
				6AE31AB62F2CAE21004EFB5E /* IntegrationTests */,
				6A75DF392F33900000C3A3ED /* E2ETests */,
				6AABCC2C2F2938C6009E5D12 /* Products */,
			);
			sourceTree = "<group>";
		};
		6AABCC2C2F2938C6009E5D12 /* Products */ = {
			isa = PBXGroup;
			children = (
				6AABCC2B2F2938C6009E5D12 /* Transfers.app */,
				6AABCC382F2938C8009E5D12 /* TransfersTests.xctest */,
				6AABCC422F2938C8009E5D12 /* TransfersUITests.xctest */,
			);
			name = Products;
			sourceTree = "<group>";
		};
/* End PBXGroup section */

/* Begin PBXNativeTarget section */
		6AABCC2A2F2938C6009E5D12 /* Transfers */ = {
			isa = PBXNativeTarget;
			buildConfigurationList = 6AABCC4C2F2938C8009E5D12 /* Build configuration list for PBXNativeTarget "Transfers" */;
			buildPhases = (
				6AABCC272F2938C6009E5D12 /* Sources */,
				6AABCC282F2938C6009E5D12 /* Frameworks */,
				6AABCC292F2938C6009E5D12 /* Resources */,
			);
			buildRules = (
			);
			dependencies = (
			);
			fileSystemSynchronizedGroups = (
				6AABCC2D2F2938C6009E5D12 /* Transfers */,
			);
			name = Transfers;
			packageProductDependencies = (
				6A5D88FD2F326FA8001EC024 /* Auth */,
				6A5D88FF2F326FA8001EC024 /* Functions */,
				6A5D89012F326FA8001EC024 /* PostgREST */,
				6A5D89032F326FA8001EC024 /* Realtime */,
				6A5D89052F326FA8001EC024 /* Storage */,
				6A5D89072F326FA8001EC024 /* Supabase */,
			);
			productName = InigoVIP;
			productReference = 6AABCC2B2F2938C6009E5D12 /* Transfers.app */;
			productType = "com.apple.product-type.application";
		};
		6AABCC372F2938C8009E5D12 /* TransfersTests */ = {
			isa = PBXNativeTarget;
			buildConfigurationList = 6AABCC4F2F2938C8009E5D12 /* Build configuration list for PBXNativeTarget "TransfersTests" */;
			buildPhases = (
				6AABCC342F2938C8009E5D12 /* Sources */,
				6AABCC352F2938C8009E5D12 /* Frameworks */,
				6AABCC362F2938C8009E5D12 /* Resources */,
			);
			buildRules = (
			);
			dependencies = (
				6AABCC3A2F2938C8009E5D12 /* PBXTargetDependency */,
			);
			fileSystemSynchronizedGroups = (
				6A75DF392F33900000C3A3ED /* E2ETests */,
				6AABCC3B2F2938C8009E5D12 /* UnitTests */,
				6AE31AB62F2CAE21004EFB5E /* IntegrationTests */,
				6AE31AB92F2CCF84004EFB5E /* SnapshotTests */,
			);
			name = TransfersTests;
			packageProductDependencies = (
				6A1DA7A42F2CE29C0053E98C /* InlineSnapshotTesting */,
				6A1DA7A62F2CE29C0053E98C /* SnapshotTesting */,
				6A1DA7A82F2CE29C0053E98C /* SnapshotTestingCustomDump */,
			);
			productName = InigoVIPTests;
			productReference = 6AABCC382F2938C8009E5D12 /* TransfersTests.xctest */;
			productType = "com.apple.product-type.bundle.unit-test";
		};
		6AABCC412F2938C8009E5D12 /* TransfersUITests */ = {
			isa = PBXNativeTarget;
			buildConfigurationList = 6AABCC522F2938C8009E5D12 /* Build configuration list for PBXNativeTarget "TransfersUITests" */;
			buildPhases = (
				6AABCC3E2F2938C8009E5D12 /* Sources */,
				6AABCC3F2F2938C8009E5D12 /* Frameworks */,
				6AABCC402F2938C8009E5D12 /* Resources */,
			);
			buildRules = (
			);
			dependencies = (
				6AABCC442F2938C8009E5D12 /* PBXTargetDependency */,
			);
			fileSystemSynchronizedGroups = (
				6AE31A8D2F2C84C7004EFB5E /* UITests */,
			);
			name = TransfersUITests;
			packageProductDependencies = (
				6A5D890A2F327085001EC024 /* Supabase */,
			);
			productName = InigoVIPUITests;
			productReference = 6AABCC422F2938C8009E5D12 /* TransfersUITests.xctest */;
			productType = "com.apple.product-type.bundle.ui-testing";
		};
/* End PBXNativeTarget section */

/* Begin PBXProject section */
		6AABCC232F2938C6009E5D12 /* Project object */ = {
			isa = PBXProject;
			attributes = {
				BuildIndependentTargetsInParallel = 1;
				LastSwiftUpdateCheck = 2620;
				LastUpgradeCheck = 2620;
				TargetAttributes = {
					6AABCC2A2F2938C6009E5D12 = {
						CreatedOnToolsVersion = 26.2;
					};
					6AABCC372F2938C8009E5D12 = {
						CreatedOnToolsVersion = 26.2;
						TestTargetID = 6AABCC2A2F2938C6009E5D12;
					};
					6AABCC412F2938C8009E5D12 = {
						CreatedOnToolsVersion = 26.2;
						TestTargetID = 6AABCC2A2F2938C6009E5D12;
					};
				};
			};
			buildConfigurationList = 6AABCC262F2938C6009E5D12 /* Build configuration list for PBXProject "Transfers" */;
			developmentRegion = en;
			hasScannedForEncodings = 0;
			knownRegions = (
				en,
				Base,
			);
			mainGroup = 6AABCC222F2938C6009E5D12;
			minimizedProjectReferenceProxies = 1;
			packageReferences = (
				6A1DA7A32F2CE29C0053E98C /* XCRemoteSwiftPackageReference "swift-snapshot-testing" */,
				6A5D88FC2F326FA8001EC024 /* XCRemoteSwiftPackageReference "supabase-swift" */,
			);
			preferredProjectObjectVersion = 77;
			productRefGroup = 6AABCC2C2F2938C6009E5D12 /* Products */;
			projectDirPath = "";
			projectRoot = "";
			targets = (
				6AABCC2A2F2938C6009E5D12 /* Transfers */,
				6AABCC372F2938C8009E5D12 /* TransfersTests */,
				6AABCC412F2938C8009E5D12 /* TransfersUITests */,
			);
		};
/* End PBXProject section */

/* Begin PBXResourcesBuildPhase section */
		6AABCC292F2938C6009E5D12 /* Resources */ = {
			isa = PBXResourcesBuildPhase;
			buildActionMask = 2147483647;
			files = (
			);
			runOnlyForDeploymentPostprocessing = 0;
		};
		6AABCC362F2938C8009E5D12 /* Resources */ = {
			isa = PBXResourcesBuildPhase;
			buildActionMask = 2147483647;
			files = (
			);
			runOnlyForDeploymentPostprocessing = 0;
		};
		6AABCC402F2938C8009E5D12 /* Resources */ = {
			isa = PBXResourcesBuildPhase;
			buildActionMask = 2147483647;
			files = (
			);
			runOnlyForDeploymentPostprocessing = 0;
		};
/* End PBXResourcesBuildPhase section */

/* Begin PBXSourcesBuildPhase section */
		6AABCC272F2938C6009E5D12 /* Sources */ = {
			isa = PBXSourcesBuildPhase;
			buildActionMask = 2147483647;
			files = (
			);
			runOnlyForDeploymentPostprocessing = 0;
		};
		6AABCC342F2938C8009E5D12 /* Sources */ = {
			isa = PBXSourcesBuildPhase;
			buildActionMask = 2147483647;
			files = (
			);
			runOnlyForDeploymentPostprocessing = 0;
		};
		6AABCC3E2F2938C8009E5D12 /* Sources */ = {
			isa = PBXSourcesBuildPhase;
			buildActionMask = 2147483647;
			files = (
			);
			runOnlyForDeploymentPostprocessing = 0;
		};
/* End PBXSourcesBuildPhase section */

/* Begin PBXTargetDependency section */
		6AABCC3A2F2938C8009E5D12 /* PBXTargetDependency */ = {
			isa = PBXTargetDependency;
			target = 6AABCC2A2F2938C6009E5D12 /* Transfers */;
			targetProxy = 6AABCC392F2938C8009E5D12 /* PBXContainerItemProxy */;
		};
		6AABCC442F2938C8009E5D12 /* PBXTargetDependency */ = {
			isa = PBXTargetDependency;
			target = 6AABCC2A2F2938C6009E5D12 /* Transfers */;
			targetProxy = 6AABCC432F2938C8009E5D12 /* PBXContainerItemProxy */;
		};
/* End PBXTargetDependency section */

/* Begin XCBuildConfiguration section */
		6AABCC4A2F2938C8009E5D12 /* Debug */ = {
			isa = XCBuildConfiguration;
			buildSettings = {
				ALWAYS_SEARCH_USER_PATHS = NO;
				ASSETCATALOG_COMPILER_GENERATE_SWIFT_ASSET_SYMBOL_EXTENSIONS = YES;
				CLANG_ANALYZER_NONNULL = YES;
				CLANG_ANALYZER_NUMBER_OBJECT_CONVERSION = YES_AGGRESSIVE;
				CLANG_CXX_LANGUAGE_STANDARD = "gnu++20";
				CLANG_ENABLE_MODULES = YES;
				CLANG_ENABLE_OBJC_ARC = YES;
				CLANG_ENABLE_OBJC_WEAK = YES;
				CLANG_WARN_BLOCK_CAPTURE_AUTORELEASING = YES;
				CLANG_WARN_BOOL_CONVERSION = YES;
				CLANG_WARN_COMMA = YES;
				CLANG_WARN_CONSTANT_CONVERSION = YES;
				CLANG_WARN_DEPRECATED_OBJC_IMPLEMENTATIONS = YES;
				CLANG_WARN_DIRECT_OBJC_ISA_USAGE = YES_ERROR;
				CLANG_WARN_DOCUMENTATION_COMMENTS = YES;
				CLANG_WARN_EMPTY_BODY = YES;
				CLANG_WARN_ENUM_CONVERSION = YES;
				CLANG_WARN_INFINITE_RECURSION = YES;
				CLANG_WARN_INT_CONVERSION = YES;
				CLANG_WARN_NON_LITERAL_NULL_CONVERSION = YES;
				CLANG_WARN_OBJC_IMPLICIT_RETAIN_SELF = YES;
				CLANG_WARN_OBJC_LITERAL_CONVERSION = YES;
				CLANG_WARN_OBJC_ROOT_CLASS = YES_ERROR;
				CLANG_WARN_QUOTED_INCLUDE_IN_FRAMEWORK_HEADER = YES;
				CLANG_WARN_RANGE_LOOP_ANALYSIS = YES;
				CLANG_WARN_STRICT_PROTOTYPES = YES;
				CLANG_WARN_SUSPICIOUS_MOVE = YES;
				CLANG_WARN_UNGUARDED_AVAILABILITY = YES_AGGRESSIVE;
				CLANG_WARN_UNREACHABLE_CODE = YES;
				CLANG_WARN__DUPLICATE_METHOD_MATCH = YES;
				COPY_PHASE_STRIP = NO;
				DEBUG_INFORMATION_FORMAT = dwarf;
				DEVELOPMENT_TEAM = 9YNCBLDA53;
				ENABLE_STRICT_OBJC_MSGSEND = YES;
				ENABLE_TESTABILITY = YES;
				ENABLE_USER_SCRIPT_SANDBOXING = YES;
				GCC_C_LANGUAGE_STANDARD = gnu17;
				GCC_DYNAMIC_NO_PIC = NO;
				GCC_NO_COMMON_BLOCKS = YES;
				GCC_OPTIMIZATION_LEVEL = 0;
				GCC_PREPROCESSOR_DEFINITIONS = (
					"DEBUG=1",
					"$(inherited)",
				);
				GCC_WARN_64_TO_32_BIT_CONVERSION = YES;
				GCC_WARN_ABOUT_RETURN_TYPE = YES_ERROR;
				GCC_WARN_UNDECLARED_SELECTOR = YES;
				GCC_WARN_UNINITIALIZED_AUTOS = YES_AGGRESSIVE;
				GCC_WARN_UNUSED_FUNCTION = YES;
				GCC_WARN_UNUSED_VARIABLE = YES;
				IPHONEOS_DEPLOYMENT_TARGET = 26.2;
				LOCALIZATION_PREFERS_STRING_CATALOGS = YES;
				MTL_ENABLE_DEBUG_INFO = INCLUDE_SOURCE;
				MTL_FAST_MATH = YES;
				ONLY_ACTIVE_ARCH = YES;
				SDKROOT = iphoneos;
				SWIFT_ACTIVE_COMPILATION_CONDITIONS = "DEBUG $(inherited)";
				SWIFT_DEFAULT_ACTOR_ISOLATION = MainActor;
				SWIFT_OPTIMIZATION_LEVEL = "-Onone";
				SWIFT_STRICT_CONCURRENCY = complete;
			};
			name = Debug;
		};
		6AABCC4B2F2938C8009E5D12 /* Release */ = {
			isa = XCBuildConfiguration;
			buildSettings = {
				ALWAYS_SEARCH_USER_PATHS = NO;
				ASSETCATALOG_COMPILER_GENERATE_SWIFT_ASSET_SYMBOL_EXTENSIONS = YES;
				CLANG_ANALYZER_NONNULL = YES;
				CLANG_ANALYZER_NUMBER_OBJECT_CONVERSION = YES_AGGRESSIVE;
				CLANG_CXX_LANGUAGE_STANDARD = "gnu++20";
				CLANG_ENABLE_MODULES = YES;
				CLANG_ENABLE_OBJC_ARC = YES;
				CLANG_ENABLE_OBJC_WEAK = YES;
				CLANG_WARN_BLOCK_CAPTURE_AUTORELEASING = YES;
				CLANG_WARN_BOOL_CONVERSION = YES;
				CLANG_WARN_COMMA = YES;
				CLANG_WARN_CONSTANT_CONVERSION = YES;
				CLANG_WARN_DEPRECATED_OBJC_IMPLEMENTATIONS = YES;
				CLANG_WARN_DIRECT_OBJC_ISA_USAGE = YES_ERROR;
				CLANG_WARN_DOCUMENTATION_COMMENTS = YES;
				CLANG_WARN_EMPTY_BODY = YES;
				CLANG_WARN_ENUM_CONVERSION = YES;
				CLANG_WARN_INFINITE_RECURSION = YES;
				CLANG_WARN_INT_CONVERSION = YES;
				CLANG_WARN_NON_LITERAL_NULL_CONVERSION = YES;
				CLANG_WARN_OBJC_IMPLICIT_RETAIN_SELF = YES;
				CLANG_WARN_OBJC_LITERAL_CONVERSION = YES;
				CLANG_WARN_OBJC_ROOT_CLASS = YES_ERROR;
				CLANG_WARN_QUOTED_INCLUDE_IN_FRAMEWORK_HEADER = YES;
				CLANG_WARN_RANGE_LOOP_ANALYSIS = YES;
				CLANG_WARN_STRICT_PROTOTYPES = YES;
				CLANG_WARN_SUSPICIOUS_MOVE = YES;
				CLANG_WARN_UNGUARDED_AVAILABILITY = YES_AGGRESSIVE;
				CLANG_WARN_UNREACHABLE_CODE = YES;
				CLANG_WARN__DUPLICATE_METHOD_MATCH = YES;
				COPY_PHASE_STRIP = NO;
				DEBUG_INFORMATION_FORMAT = "dwarf-with-dsym";
				DEVELOPMENT_TEAM = 9YNCBLDA53;
				ENABLE_NS_ASSERTIONS = NO;
				ENABLE_STRICT_OBJC_MSGSEND = YES;
				ENABLE_USER_SCRIPT_SANDBOXING = YES;
				GCC_C_LANGUAGE_STANDARD = gnu17;
				GCC_NO_COMMON_BLOCKS = YES;
				GCC_WARN_64_TO_32_BIT_CONVERSION = YES;
				GCC_WARN_ABOUT_RETURN_TYPE = YES_ERROR;
				GCC_WARN_UNDECLARED_SELECTOR = YES;
				GCC_WARN_UNINITIALIZED_AUTOS = YES_AGGRESSIVE;
				GCC_WARN_UNUSED_FUNCTION = YES;
				GCC_WARN_UNUSED_VARIABLE = YES;
				IPHONEOS_DEPLOYMENT_TARGET = 26.2;
				LOCALIZATION_PREFERS_STRING_CATALOGS = YES;
				MTL_ENABLE_DEBUG_INFO = NO;
				MTL_FAST_MATH = YES;
				SDKROOT = iphoneos;
				SWIFT_COMPILATION_MODE = wholemodule;
				SWIFT_DEFAULT_ACTOR_ISOLATION = MainActor;
				SWIFT_STRICT_CONCURRENCY = complete;
				VALIDATE_PRODUCT = YES;
			};
			name = Release;
		};
		6AABCC4D2F2938C8009E5D12 /* Debug */ = {
			isa = XCBuildConfiguration;
			buildSettings = {
				ASSETCATALOG_COMPILER_APPICON_NAME = AppIcon;
				ASSETCATALOG_COMPILER_GLOBAL_ACCENT_COLOR_NAME = AccentColor;
				CODE_SIGN_STYLE = Automatic;
				CURRENT_PROJECT_VERSION = 1;
				DEVELOPMENT_TEAM = 9YNCBLDA53;
				ENABLE_PREVIEWS = YES;
				GENERATE_INFOPLIST_FILE = YES;
				INFOPLIST_KEY_UIApplicationSceneManifest_Generation = YES;
				INFOPLIST_KEY_UIApplicationSupportsIndirectInputEvents = YES;
				INFOPLIST_KEY_UILaunchScreen_Generation = YES;
				INFOPLIST_KEY_UISupportedInterfaceOrientations_iPad = "UIInterfaceOrientationPortrait UIInterfaceOrientationPortraitUpsideDown UIInterfaceOrientationLandscapeLeft UIInterfaceOrientationLandscapeRight";
				INFOPLIST_KEY_UISupportedInterfaceOrientations_iPhone = "UIInterfaceOrientationPortrait UIInterfaceOrientationLandscapeLeft UIInterfaceOrientationLandscapeRight";
				IPHONEOS_DEPLOYMENT_TARGET = 17.0;
				LD_RUNPATH_SEARCH_PATHS = (
					"$(inherited)",
					"@executable_path/Frameworks",
				);
				MARKETING_VERSION = 1.0;
				PRODUCT_BUNDLE_IDENTIFIER = com.inigollamosas.transfers;
				PRODUCT_NAME = "$(TARGET_NAME)";
				STRING_CATALOG_GENERATE_SYMBOLS = YES;
				SUPPORTED_PLATFORMS = "iphoneos iphonesimulator";
				SUPPORTS_MACCATALYST = NO;
				SUPPORTS_MAC_DESIGNED_FOR_IPHONE_IPAD = NO;
				SUPPORTS_XR_DESIGNED_FOR_IPHONE_IPAD = NO;
				SWIFT_APPROACHABLE_CONCURRENCY = YES;
				SWIFT_DEFAULT_ACTOR_ISOLATION = MainActor;
				SWIFT_EMIT_LOC_STRINGS = YES;
				SWIFT_ENABLE_EXPLICIT_MODULES = NO;
				SWIFT_UPCOMING_FEATURE_MEMBER_IMPORT_VISIBILITY = YES;
				SWIFT_VERSION = 5.0;
				TARGETED_DEVICE_FAMILY = 1;
			};
			name = Debug;
		};
		6AABCC4E2F2938C8009E5D12 /* Release */ = {
			isa = XCBuildConfiguration;
			buildSettings = {
				ASSETCATALOG_COMPILER_APPICON_NAME = AppIcon;
				ASSETCATALOG_COMPILER_GLOBAL_ACCENT_COLOR_NAME = AccentColor;
				CODE_SIGN_STYLE = Automatic;
				CURRENT_PROJECT_VERSION = 1;
				DEVELOPMENT_TEAM = 9YNCBLDA53;
				ENABLE_PREVIEWS = YES;
				GENERATE_INFOPLIST_FILE = YES;
				INFOPLIST_KEY_UIApplicationSceneManifest_Generation = YES;
				INFOPLIST_KEY_UIApplicationSupportsIndirectInputEvents = YES;
				INFOPLIST_KEY_UILaunchScreen_Generation = YES;
				INFOPLIST_KEY_UISupportedInterfaceOrientations_iPad = "UIInterfaceOrientationPortrait UIInterfaceOrientationPortraitUpsideDown UIInterfaceOrientationLandscapeLeft UIInterfaceOrientationLandscapeRight";
				INFOPLIST_KEY_UISupportedInterfaceOrientations_iPhone = "UIInterfaceOrientationPortrait UIInterfaceOrientationLandscapeLeft UIInterfaceOrientationLandscapeRight";
				IPHONEOS_DEPLOYMENT_TARGET = 17.0;
				LD_RUNPATH_SEARCH_PATHS = (
					"$(inherited)",
					"@executable_path/Frameworks",
				);
				MARKETING_VERSION = 1.0;
				PRODUCT_BUNDLE_IDENTIFIER = com.inigollamosas.transfers;
				PRODUCT_NAME = "$(TARGET_NAME)";
				STRING_CATALOG_GENERATE_SYMBOLS = YES;
				SUPPORTED_PLATFORMS = "iphoneos iphonesimulator";
				SUPPORTS_MACCATALYST = NO;
				SUPPORTS_MAC_DESIGNED_FOR_IPHONE_IPAD = NO;
				SUPPORTS_XR_DESIGNED_FOR_IPHONE_IPAD = NO;
				SWIFT_APPROACHABLE_CONCURRENCY = YES;
				SWIFT_DEFAULT_ACTOR_ISOLATION = MainActor;
				SWIFT_EMIT_LOC_STRINGS = YES;
				SWIFT_ENABLE_EXPLICIT_MODULES = NO;
				SWIFT_UPCOMING_FEATURE_MEMBER_IMPORT_VISIBILITY = YES;
				SWIFT_VERSION = 5.0;
				TARGETED_DEVICE_FAMILY = 1;
			};
			name = Release;
		};
		6AABCC502F2938C8009E5D12 /* Debug */ = {
			isa = XCBuildConfiguration;
			buildSettings = {
				BUNDLE_LOADER = "$(TEST_HOST)";
				CODE_SIGN_STYLE = Automatic;
				CURRENT_PROJECT_VERSION = 1;
				DEVELOPMENT_TEAM = 9YNCBLDA53;
				GENERATE_INFOPLIST_FILE = YES;
				IPHONEOS_DEPLOYMENT_TARGET = 17.0;
				MARKETING_VERSION = 1.0;
				PRODUCT_BUNDLE_IDENTIFIER = com.inigollamosas.transfers;
				PRODUCT_NAME = "$(TARGET_NAME)";
				STRING_CATALOG_GENERATE_SYMBOLS = NO;
				SUPPORTED_PLATFORMS = "iphoneos iphonesimulator";
				SUPPORTS_MACCATALYST = NO;
				SUPPORTS_MAC_DESIGNED_FOR_IPHONE_IPAD = NO;
				SUPPORTS_XR_DESIGNED_FOR_IPHONE_IPAD = NO;
				SWIFT_APPROACHABLE_CONCURRENCY = YES;
				SWIFT_EMIT_LOC_STRINGS = NO;
				SWIFT_ENABLE_EXPLICIT_MODULES = NO;
				SWIFT_UPCOMING_FEATURE_MEMBER_IMPORT_VISIBILITY = YES;
				SWIFT_VERSION = 5.0;
				TARGETED_DEVICE_FAMILY = 1;
				TEST_HOST = "$(BUILT_PRODUCTS_DIR)/Transfers.app/$(BUNDLE_EXECUTABLE_FOLDER_PATH)/Transfers";
			};
			name = Debug;
		};
		6AABCC512F2938C8009E5D12 /* Release */ = {
			isa = XCBuildConfiguration;
			buildSettings = {
				BUNDLE_LOADER = "$(TEST_HOST)";
				CODE_SIGN_STYLE = Automatic;
				CURRENT_PROJECT_VERSION = 1;
				DEVELOPMENT_TEAM = 9YNCBLDA53;
				GENERATE_INFOPLIST_FILE = YES;
				IPHONEOS_DEPLOYMENT_TARGET = 17.0;
				MARKETING_VERSION = 1.0;
				PRODUCT_BUNDLE_IDENTIFIER = com.inigollamosas.transfers;
				PRODUCT_NAME = "$(TARGET_NAME)";
				STRING_CATALOG_GENERATE_SYMBOLS = NO;
				SUPPORTED_PLATFORMS = "iphoneos iphonesimulator";
				SUPPORTS_MACCATALYST = NO;
				SUPPORTS_MAC_DESIGNED_FOR_IPHONE_IPAD = NO;
				SUPPORTS_XR_DESIGNED_FOR_IPHONE_IPAD = NO;
				SWIFT_APPROACHABLE_CONCURRENCY = YES;
				SWIFT_EMIT_LOC_STRINGS = NO;
				SWIFT_ENABLE_EXPLICIT_MODULES = NO;
				SWIFT_UPCOMING_FEATURE_MEMBER_IMPORT_VISIBILITY = YES;
				SWIFT_VERSION = 5.0;
				TARGETED_DEVICE_FAMILY = 1;
				TEST_HOST = "$(BUILT_PRODUCTS_DIR)/Transfers.app/$(BUNDLE_EXECUTABLE_FOLDER_PATH)/Transfers";
			};
			name = Release;
		};
		6AABCC532F2938C8009E5D12 /* Debug */ = {
			isa = XCBuildConfiguration;
			buildSettings = {
				CODE_SIGN_STYLE = Automatic;
				CURRENT_PROJECT_VERSION = 1;
				DEVELOPMENT_TEAM = 9YNCBLDA53;
				GENERATE_INFOPLIST_FILE = YES;
				IPHONEOS_DEPLOYMENT_TARGET = 17.0;
				MARKETING_VERSION = 1.0;
				PRODUCT_BUNDLE_IDENTIFIER = com.inigollamosas.transfers;
				PRODUCT_NAME = "$(TARGET_NAME)";
				STRING_CATALOG_GENERATE_SYMBOLS = NO;
				SUPPORTED_PLATFORMS = "iphoneos iphonesimulator";
				SUPPORTS_MACCATALYST = NO;
				SUPPORTS_MAC_DESIGNED_FOR_IPHONE_IPAD = NO;
				SUPPORTS_XR_DESIGNED_FOR_IPHONE_IPAD = NO;
				SWIFT_APPROACHABLE_CONCURRENCY = YES;
				SWIFT_EMIT_LOC_STRINGS = NO;
				SWIFT_ENABLE_EXPLICIT_MODULES = NO;
				SWIFT_UPCOMING_FEATURE_MEMBER_IMPORT_VISIBILITY = YES;
				SWIFT_VERSION = 5.0;
				TARGETED_DEVICE_FAMILY = 1;
				TEST_TARGET_NAME = Transfers;
			};
			name = Debug;
		};
		6AABCC542F2938C8009E5D12 /* Release */ = {
			isa = XCBuildConfiguration;
			buildSettings = {
				CODE_SIGN_STYLE = Automatic;
				CURRENT_PROJECT_VERSION = 1;
				DEVELOPMENT_TEAM = 9YNCBLDA53;
				GENERATE_INFOPLIST_FILE = YES;
				IPHONEOS_DEPLOYMENT_TARGET = 17.0;
				MARKETING_VERSION = 1.0;
				PRODUCT_BUNDLE_IDENTIFIER = com.inigollamosas.transfers;
				PRODUCT_NAME = "$(TARGET_NAME)";
				STRING_CATALOG_GENERATE_SYMBOLS = NO;
				SUPPORTED_PLATFORMS = "iphoneos iphonesimulator";
				SUPPORTS_MACCATALYST = NO;
				SUPPORTS_MAC_DESIGNED_FOR_IPHONE_IPAD = NO;
				SUPPORTS_XR_DESIGNED_FOR_IPHONE_IPAD = NO;
				SWIFT_APPROACHABLE_CONCURRENCY = YES;
				SWIFT_EMIT_LOC_STRINGS = NO;
				SWIFT_ENABLE_EXPLICIT_MODULES = NO;
				SWIFT_UPCOMING_FEATURE_MEMBER_IMPORT_VISIBILITY = YES;
				SWIFT_VERSION = 5.0;
				TARGETED_DEVICE_FAMILY = 1;
				TEST_TARGET_NAME = Transfers;
			};
			name = Release;
		};
/* End XCBuildConfiguration section */

/* Begin XCConfigurationList section */
		6AABCC262F2938C6009E5D12 /* Build configuration list for PBXProject "Transfers" */ = {
			isa = XCConfigurationList;
			buildConfigurations = (
				6AABCC4A2F2938C8009E5D12 /* Debug */,
				6AABCC4B2F2938C8009E5D12 /* Release */,
			);
			defaultConfigurationIsVisible = 0;
			defaultConfigurationName = Release;
		};
		6AABCC4C2F2938C8009E5D12 /* Build configuration list for PBXNativeTarget "Transfers" */ = {
			isa = XCConfigurationList;
			buildConfigurations = (
				6AABCC4D2F2938C8009E5D12 /* Debug */,
				6AABCC4E2F2938C8009E5D12 /* Release */,
			);
			defaultConfigurationIsVisible = 0;
			defaultConfigurationName = Release;
		};
		6AABCC4F2F2938C8009E5D12 /* Build configuration list for PBXNativeTarget "TransfersTests" */ = {
			isa = XCConfigurationList;
			buildConfigurations = (
				6AABCC502F2938C8009E5D12 /* Debug */,
				6AABCC512F2938C8009E5D12 /* Release */,
			);
			defaultConfigurationIsVisible = 0;
			defaultConfigurationName = Release;
		};
		6AABCC522F2938C8009E5D12 /* Build configuration list for PBXNativeTarget "TransfersUITests" */ = {
			isa = XCConfigurationList;
			buildConfigurations = (
				6AABCC532F2938C8009E5D12 /* Debug */,
				6AABCC542F2938C8009E5D12 /* Release */,
			);
			defaultConfigurationIsVisible = 0;
			defaultConfigurationName = Release;
		};
/* End XCConfigurationList section */

/* Begin XCRemoteSwiftPackageReference section */
		6A1DA7A32F2CE29C0053E98C /* XCRemoteSwiftPackageReference "swift-snapshot-testing" */ = {
			isa = XCRemoteSwiftPackageReference;
			repositoryURL = "https://github.com/pointfreeco/swift-snapshot-testing";
			requirement = {
				kind = upToNextMajorVersion;
				minimumVersion = 1.18.9;
			};
		};
		6A5D88FC2F326FA8001EC024 /* XCRemoteSwiftPackageReference "supabase-swift" */ = {
			isa = XCRemoteSwiftPackageReference;
			repositoryURL = "https://github.com/supabase-community/supabase-swift";
			requirement = {
				kind = upToNextMajorVersion;
				minimumVersion = 2.5.1;
			};
		};
/* End XCRemoteSwiftPackageReference section */

/* Begin XCSwiftPackageProductDependency section */
		6A1DA7A42F2CE29C0053E98C /* InlineSnapshotTesting */ = {
			isa = XCSwiftPackageProductDependency;
			package = 6A1DA7A32F2CE29C0053E98C /* XCRemoteSwiftPackageReference "swift-snapshot-testing" */;
			productName = InlineSnapshotTesting;
		};
		6A1DA7A62F2CE29C0053E98C /* SnapshotTesting */ = {
			isa = XCSwiftPackageProductDependency;
			package = 6A1DA7A32F2CE29C0053E98C /* XCRemoteSwiftPackageReference "swift-snapshot-testing" */;
			productName = SnapshotTesting;
		};
		6A1DA7A82F2CE29C0053E98C /* SnapshotTestingCustomDump */ = {
			isa = XCSwiftPackageProductDependency;
			package = 6A1DA7A32F2CE29C0053E98C /* XCRemoteSwiftPackageReference "swift-snapshot-testing" */;
			productName = SnapshotTestingCustomDump;
		};
		6A5D88FD2F326FA8001EC024 /* Auth */ = {
			isa = XCSwiftPackageProductDependency;
			package = 6A5D88FC2F326FA8001EC024 /* XCRemoteSwiftPackageReference "supabase-swift" */;
			productName = Auth;
		};
		6A5D88FF2F326FA8001EC024 /* Functions */ = {
			isa = XCSwiftPackageProductDependency;
			package = 6A5D88FC2F326FA8001EC024 /* XCRemoteSwiftPackageReference "supabase-swift" */;
			productName = Functions;
		};
		6A5D89012F326FA8001EC024 /* PostgREST */ = {
			isa = XCSwiftPackageProductDependency;
			package = 6A5D88FC2F326FA8001EC024 /* XCRemoteSwiftPackageReference "supabase-swift" */;
			productName = PostgREST;
		};
		6A5D89032F326FA8001EC024 /* Realtime */ = {
			isa = XCSwiftPackageProductDependency;
			package = 6A5D88FC2F326FA8001EC024 /* XCRemoteSwiftPackageReference "supabase-swift" */;
			productName = Realtime;
		};
		6A5D89052F326FA8001EC024 /* Storage */ = {
			isa = XCSwiftPackageProductDependency;
			package = 6A5D88FC2F326FA8001EC024 /* XCRemoteSwiftPackageReference "supabase-swift" */;
			productName = Storage;
		};
		6A5D89072F326FA8001EC024 /* Supabase */ = {
			isa = XCSwiftPackageProductDependency;
			package = 6A5D88FC2F326FA8001EC024 /* XCRemoteSwiftPackageReference "supabase-swift" */;
			productName = Supabase;
		};
		6A5D890A2F327085001EC024 /* Supabase */ = {
			isa = XCSwiftPackageProductDependency;
			package = 6A5D88FC2F326FA8001EC024 /* XCRemoteSwiftPackageReference "supabase-swift" */;
			productName = Supabase;
		};
/* End XCSwiftPackageProductDependency section */
	};
	rootObject = 6AABCC232F2938C6009E5D12 /* Project object */;
}
